
Microsoft Visual Studio Solution File, Format Version 12.00
# Visual Studio Version 17
VisualStudioVersion = 17.4.33122.133
MinimumVisualStudioVersion = 10.0.40219.1
Project("{9A19103F-16F7-4668-BE54-9A1E7A4F7556}") = "SurgeonPortal.Api", "SurgeonPortal.Api\SurgeonPortal.Api.csproj", "{638A3F65-7501-4549-944E-32F14B001777}"
EndProject
Project("{2150E333-8FDC-42A3-9474-1A3956D46DE8}") = "API", "API", "{A0C691AD-A29C-47CA-A615-57CEA4F65636}"
EndProject
Project("{2150E333-8FDC-42A3-9474-1A3956D46DE8}") = "Business Layer", "Business Layer", "{ECE5E658-9A9F-47B8-A077-E66E37E601F1}"
EndProject
Project("{2150E333-8FDC-42A3-9474-1A3956D46DE8}") = "Data Access Layer", "Data Access Layer", "{B7E7BC78-CA70-4659-9E89-2E323D0B7032}"
	ProjectSection(SolutionItems) = preProject
		SurgeonPortal.Api\Program.cs = SurgeonPortal.Api\Program.cs
	EndProjectSection
EndProject
Project("{2150E333-8FDC-42A3-9474-1A3956D46DE8}") = "Unit Tests", "Unit Tests", "{13631FF7-889B-4DDF-9ACE-339B1E4B557F}"
EndProject
Project("{9A19103F-16F7-4668-BE54-9A1E7A4F7556}") = "SurgeonPortal.Models", "SurgeonPortal.Models\SurgeonPortal.Models.csproj", "{0D0914BC-17F9-4466-9179-61A77366D144}"
EndProject
Project("{9A19103F-16F7-4668-BE54-9A1E7A4F7556}") = "SurgeonPortal.Library", "SurgeonPortal.Library\SurgeonPortal.Library.csproj", "{350FCE14-F48E-474D-B80D-4B5A9A13B7A5}"
EndProject
Project("{9A19103F-16F7-4668-BE54-9A1E7A4F7556}") = "SurgeonPortal.Library.Contracts", "SurgeonPortal.Library.Contracts\SurgeonPortal.Library.Contracts.csproj", "{73316C8E-738B-457D-BAFE-DA0F38C06525}"
EndProject
Project("{9A19103F-16F7-4668-BE54-9A1E7A4F7556}") = "SurgeonPortal.DataAccess", "SurgeonPortal.DataAccess\SurgeonPortal.DataAccess.csproj", "{B14D944C-2FFA-4136-BD15-75991074D2D7}"
EndProject
Project("{9A19103F-16F7-4668-BE54-9A1E7A4F7556}") = "SurgeonPortal.DataAccess.Contracts", "SurgeonPortal.DataAccess.Contracts\SurgeonPortal.DataAccess.Contracts.csproj", "{06ADF1BB-F800-4A7E-ABDA-FF40516B5E41}"
EndProject
Project("{9A19103F-16F7-4668-BE54-9A1E7A4F7556}") = "SurgeonPortal.Api.Tests", "SurgeonPortal.Api.Tests\SurgeonPortal.Api.Tests.csproj", "{725A5872-2CFF-4AF5-978B-41C4C63ED3F4}"
EndProject
Project("{9A19103F-16F7-4668-BE54-9A1E7A4F7556}") = "SurgeonPortal.DataAccess.Tests", "SurgeonPortal.DataAccess.Tests\SurgeonPortal.DataAccess.Tests.csproj", "{C50EC797-8834-4889-959E-B1435463A1EA}"
EndProject
Project("{9A19103F-16F7-4668-BE54-9A1E7A4F7556}") = "SurgeonPortal.Library.Tests", "SurgeonPortal.Library.Tests\SurgeonPortal.Library.Tests.csproj", "{F3A86258-A3AD-4CF3-9199-CEDE409967BF}"
EndProject
Project("{9A19103F-16F7-4668-BE54-9A1E7A4F7556}") = "SurgeonPortal.Shared", "SurgeonPortal.Shared\SurgeonPortal.Shared.csproj", "{16FADD27-8541-41FF-9615-5C57035372B5}"
EndProject
Global
	GlobalSection(SolutionConfigurationPlatforms) = preSolution
		Debug|Any CPU = Debug|Any CPU
		Release|Any CPU = Release|Any CPU
	EndGlobalSection
	GlobalSection(ProjectConfigurationPlatforms) = postSolution
		{638A3F65-7501-4549-944E-32F14B001777}.Debug|Any CPU.ActiveCfg = Debug|Any CPU
		{638A3F65-7501-4549-944E-32F14B001777}.Debug|Any CPU.Build.0 = Debug|Any CPU
		{638A3F65-7501-4549-944E-32F14B001777}.Release|Any CPU.ActiveCfg = Release|Any CPU
		{638A3F65-7501-4549-944E-32F14B001777}.Release|Any CPU.Build.0 = Release|Any CPU
		{0D0914BC-17F9-4466-9179-61A77366D144}.Debug|Any CPU.ActiveCfg = Debug|Any CPU
		{0D0914BC-17F9-4466-9179-61A77366D144}.Debug|Any CPU.Build.0 = Debug|Any CPU
		{0D0914BC-17F9-4466-9179-61A77366D144}.Release|Any CPU.ActiveCfg = Release|Any CPU
		{0D0914BC-17F9-4466-9179-61A77366D144}.Release|Any CPU.Build.0 = Release|Any CPU
		{350FCE14-F48E-474D-B80D-4B5A9A13B7A5}.Debug|Any CPU.ActiveCfg = Debug|Any CPU
		{350FCE14-F48E-474D-B80D-4B5A9A13B7A5}.Debug|Any CPU.Build.0 = Debug|Any CPU
		{350FCE14-F48E-474D-B80D-4B5A9A13B7A5}.Release|Any CPU.ActiveCfg = Release|Any CPU
		{350FCE14-F48E-474D-B80D-4B5A9A13B7A5}.Release|Any CPU.Build.0 = Release|Any CPU
		{73316C8E-738B-457D-BAFE-DA0F38C06525}.Debug|Any CPU.ActiveCfg = Debug|Any CPU
		{73316C8E-738B-457D-BAFE-DA0F38C06525}.Debug|Any CPU.Build.0 = Debug|Any CPU
		{73316C8E-738B-457D-BAFE-DA0F38C06525}.Release|Any CPU.ActiveCfg = Release|Any CPU
		{73316C8E-738B-457D-BAFE-DA0F38C06525}.Release|Any CPU.Build.0 = Release|Any CPU
		{B14D944C-2FFA-4136-BD15-75991074D2D7}.Debug|Any CPU.ActiveCfg = Debug|Any CPU
		{B14D944C-2FFA-4136-BD15-75991074D2D7}.Debug|Any CPU.Build.0 = Debug|Any CPU
		{B14D944C-2FFA-4136-BD15-75991074D2D7}.Release|Any CPU.ActiveCfg = Release|Any CPU
		{B14D944C-2FFA-4136-BD15-75991074D2D7}.Release|Any CPU.Build.0 = Release|Any CPU
		{06ADF1BB-F800-4A7E-ABDA-FF40516B5E41}.Debug|Any CPU.ActiveCfg = Debug|Any CPU
		{06ADF1BB-F800-4A7E-ABDA-FF40516B5E41}.Debug|Any CPU.Build.0 = Debug|Any CPU
		{06ADF1BB-F800-4A7E-ABDA-FF40516B5E41}.Release|Any CPU.ActiveCfg = Release|Any CPU
		{06ADF1BB-F800-4A7E-ABDA-FF40516B5E41}.Release|Any CPU.Build.0 = Release|Any CPU
		{725A5872-2CFF-4AF5-978B-41C4C63ED3F4}.Debug|Any CPU.ActiveCfg = Debug|Any CPU
		{725A5872-2CFF-4AF5-978B-41C4C63ED3F4}.Debug|Any CPU.Build.0 = Debug|Any CPU
		{725A5872-2CFF-4AF5-978B-41C4C63ED3F4}.Release|Any CPU.ActiveCfg = Release|Any CPU
		{725A5872-2CFF-4AF5-978B-41C4C63ED3F4}.Release|Any CPU.Build.0 = Release|Any CPU
		{C50EC797-8834-4889-959E-B1435463A1EA}.Debug|Any CPU.ActiveCfg = Debug|Any CPU
		{C50EC797-8834-4889-959E-B1435463A1EA}.Debug|Any CPU.Build.0 = Debug|Any CPU
		{C50EC797-8834-4889-959E-B1435463A1EA}.Release|Any CPU.ActiveCfg = Release|Any CPU
		{C50EC797-8834-4889-959E-B1435463A1EA}.Release|Any CPU.Build.0 = Release|Any CPU
		{F3A86258-A3AD-4CF3-9199-CEDE409967BF}.Debug|Any CPU.ActiveCfg = Debug|Any CPU
		{F3A86258-A3AD-4CF3-9199-CEDE409967BF}.Debug|Any CPU.Build.0 = Debug|Any CPU
		{F3A86258-A3AD-4CF3-9199-CEDE409967BF}.Release|Any CPU.ActiveCfg = Release|Any CPU
		{F3A86258-A3AD-4CF3-9199-CEDE409967BF}.Release|Any CPU.Build.0 = Release|Any CPU
		{16FADD27-8541-41FF-9615-5C57035372B5}.Debug|Any CPU.ActiveCfg = Debug|Any CPU
		{16FADD27-8541-41FF-9615-5C57035372B5}.Debug|Any CPU.Build.0 = Debug|Any CPU
		{16FADD27-8541-41FF-9615-5C57035372B5}.Release|Any CPU.ActiveCfg = Release|Any CPU
		{16FADD27-8541-41FF-9615-5C57035372B5}.Release|Any CPU.Build.0 = Release|Any CPU
	EndGlobalSection
	GlobalSection(SolutionProperties) = preSolution
		HideSolutionNode = FALSE
	EndGlobalSection
	GlobalSection(NestedProjects) = preSolution
		{638A3F65-7501-4549-944E-32F14B001777} = {A0C691AD-A29C-47CA-A615-57CEA4F65636}
		{0D0914BC-17F9-4466-9179-61A77366D144} = {A0C691AD-A29C-47CA-A615-57CEA4F65636}
		{350FCE14-F48E-474D-B80D-4B5A9A13B7A5} = {ECE5E658-9A9F-47B8-A077-E66E37E601F1}
		{73316C8E-738B-457D-BAFE-DA0F38C06525} = {ECE5E658-9A9F-47B8-A077-E66E37E601F1}
		{B14D944C-2FFA-4136-BD15-75991074D2D7} = {B7E7BC78-CA70-4659-9E89-2E323D0B7032}
		{06ADF1BB-F800-4A7E-ABDA-FF40516B5E41} = {B7E7BC78-CA70-4659-9E89-2E323D0B7032}
		{725A5872-2CFF-4AF5-978B-41C4C63ED3F4} = {13631FF7-889B-4DDF-9ACE-339B1E4B557F}
		{C50EC797-8834-4889-959E-B1435463A1EA} = {13631FF7-889B-4DDF-9ACE-339B1E4B557F}
		{F3A86258-A3AD-4CF3-9199-CEDE409967BF} = {13631FF7-889B-4DDF-9ACE-339B1E4B557F}
		{16FADD27-8541-41FF-9615-5C57035372B5} = {ECE5E658-9A9F-47B8-A077-E66E37E601F1}
	EndGlobalSection
	GlobalSection(ExtensibilityGlobals) = postSolution
		SolutionGuid = {981C8F4D-66AF-40D8-97BA-FD0E90662F2C}
	EndGlobalSection
EndGlobal
